
Microsoft Visual Studio Solution File, Format Version 11.00
# Visual Studio 2010
Project("{FAE04EC0-301F-11D3-BF4B-00C04F79EFBC}") = "AutoInsurance", "AutoInsurance\AutoInsurance.csproj", "{0134AACD-A65B-4CE9-8216-6B9A8CDE1601}"
	ProjectSection(ProjectDependencies) = postProject
		{793AF5F5-2F02-45AD-A0B2-18B5005D6105} = {793AF5F5-2F02-45AD-A0B2-18B5005D6105}
	EndProjectSection
EndProject
Project("{FAE04EC0-301F-11D3-BF4B-00C04F79EFBC}") = "AutoInsurance.Web", "AutoInsurance.Web\AutoInsurance.Web.csproj", "{793AF5F5-2F02-45AD-A0B2-18B5005D6105}"
EndProject
Global
	GlobalSection(SolutionConfigurationPlatforms) = preSolution
		Debug|Any CPU = Debug|Any CPU
		Release|Any CPU = Release|Any CPU
	EndGlobalSection
	GlobalSection(ProjectConfigurationPlatforms) = postSolution
		{0134AACD-A65B-4CE9-8216-6B9A8CDE1601}.Debug|Any CPU.ActiveCfg = Debug|Any CPU
		{0134AACD-A65B-4CE9-8216-6B9A8CDE1601}.Debug|Any CPU.Build.0 = Debug|Any CPU
		{0134AACD-A65B-4CE9-8216-6B9A8CDE1601}.Release|Any CPU.ActiveCfg = Release|Any CPU
		{0134AACD-A65B-4CE9-8216-6B9A8CDE1601}.Release|Any CPU.Build.0 = Release|Any CPU
		{793AF5F5-2F02-45AD-A0B2-18B5005D6105}.Debug|Any CPU.ActiveCfg = Debug|Any CPU
		{793AF5F5-2F02-45AD-A0B2-18B5005D6105}.Debug|Any CPU.Build.0 = Debug|Any CPU
		{793AF5F5-2F02-45AD-A0B2-18B5005D6105}.Release|Any CPU.ActiveCfg = Release|Any CPU
		{793AF5F5-2F02-45AD-A0B2-18B5005D6105}.Release|Any CPU.Build.0 = Release|Any CPU
	EndGlobalSection
	GlobalSection(SolutionProperties) = preSolution
		HideSolutionNode = FALSE
	EndGlobalSection
EndGlobal
